<?xml version="1.0" encoding="utf-8"?>
<Project ToolsVersion="4.0" xmlns="http://schemas.microsoft.com/developer/msbuild/2003">
  <ItemGroup>
    <ClCompile Include="src\App\InterferometryApp.cpp" />
    <ClCompile Include="src\App\pch.cpp" />
    <ClCompile Include="src\GUI\ChildFrm.cpp" />
    <ClCompile Include="src\GUI\Controls\ViewTree.cpp" />
    <ClCompile Include="src\GUI\InterferometryAppDoc.cpp" />
    <ClCompile Include="src\GUI\InterferometryAppView.cpp" />
    <ClCompile Include="src\GUI\MainFrm.cpp" />
    <ClCompile Include="src\GUI\Panels\ClassView.cpp" />
    <ClCompile Include="src\GUI\Panels\FileView.cpp" />
    <ClCompile Include="src\GUI\Panels\OutputWnd.cpp" />
    <ClCompile Include="src\GUI\Panels\PropertiesWnd.cpp" />
    <ClCompile Include="src\Core\ImageLoader.cpp" />
  </ItemGroup>
  <ItemGroup>
    <ClInclude Include="include\App\framework.h" />
    <ClInclude Include="include\App\InterferometryApp.h" />
    <ClInclude Include="include\App\pch.h" />
    <ClInclude Include="include\App\Resource.h" />
    <ClInclude Include="include\App\targetver.h" />
    <ClInclude Include="include\Common\Constants.h" />
    <ClInclude Include="include\Common\Types.h" />
    <ClInclude Include="include\Core\ImageLoader.h" />
    <ClInclude Include="include\GUI\ChildFrm.h" />
    <ClInclude Include="include\GUI\Controls\ViewTree.h" />
    <ClInclude Include="include\GUI\InterferometryAppDoc.h" />
    <ClInclude Include="include\GUI\InterferometryAppView.h" />
    <ClInclude Include="include\GUI\MainFrm.h" />
    <ClInclude Include="include\GUI\Panels\ClassView.h" />
    <ClInclude Include="include\GUI\Panels\FileView.h" />
    <ClInclude Include="include\GUI\Panels\OutputWnd.h" />
    <ClInclude Include="include\GUI\Panels\PropertiesWnd.h" />
  </ItemGroup>
  <ItemGroup>
    <ResourceCompile Include="resources\InterferometryApp.rc" />
  </ItemGroup>
  <ItemGroup>
    <Image Include="resources\bitmaps\classview.bmp" />
    <Image Include="resources\bitmaps\classview_hc.bmp" />
    <Image Include="resources\icons\class_view.ico" />
    <Image Include="resources\icons\class_view_hc.ico" />
    <Image Include="resources\bitmaps\explorer.bmp" />
    <Image Include="resources\bitmaps\explorer_hc.bmp" />
    <Image Include="resources\bitmaps\fileview.bmp" />
    <Image Include="resources\bitmaps\fileview_hc.bmp" />
    <Image Include="resources\icons\file_view.ico" />
    <Image Include="resources\icons\file_view_hc.ico" />
    <Image Include="resources\icons\InterferometryApp.ico" />
    <Image Include="resources\icons\InterferometryAppDoc.ico" />
    <Image Include="resources\bitmaps\menuimages.bmp" />
    <Image Include="resources\bitmaps\menuimages_hc.bmp" />
    <Image Include="resources\icons\output_wnd.ico" />
    <Image Include="resources\icons\output_wnd_hc.ico" />
    <Image Include="resources\bitmaps\properties.bmp" />
    <Image Include="resources\bitmaps\properties_hc.bmp" />
    <Image Include="resources\icons\properties_wnd.ico" />
    <Image Include="resources\icons\properties_wnd_hc.ico" />
    <Image Include="resources\bitmaps\sort.bmp" />
    <Image Include="resources\bitmaps\sort_hc.bmp" />
    <Image Include="resources\bitmaps\Toolbar.bmp" />
    <Image Include="resources\bitmaps\Toolbar256.bmp" />
    <Image Include="resources\bitmaps\userimages.bmp" />
  </ItemGroup>
  <ItemGroup>
    <None Include="resources\InterferometryApp.rc2" />
  </ItemGroup>
</Project>