<?xml version="1.0" encoding="utf-8"?>
<Project ToolsVersion="17.0" xmlns="http://schemas.microsoft.com/developer/msbuild/2003">
  <ItemGroup>
    <ClCompile Include="F:\pc\InterferometryApp\tests\PipelineTest\PipelineTest.cpp">
      <Filter>Source Files</Filter>
    </ClCompile>
    <ClCompile Include="F:\pc\InterferometryApp\src\Core\Tracing\EllipseBoundary.cpp">
      <Filter>Source Files</Filter>
    </ClCompile>
    <ClCompile Include="F:\pc\InterferometryApp\src\Core\Tracing\FringeTracer.cpp">
      <Filter>Source Files</Filter>
    </ClCompile>
    <ClCompile Include="F:\pc\InterferometryApp\src\Core\Tracing\ImageLoader.cpp">
      <Filter>Source Files</Filter>
    </ClCompile>
    <ClCompile Include="F:\pc\InterferometryApp\src\Core\Tracing\PolynomialApproximator.cpp">
      <Filter>Source Files</Filter>
    </ClCompile>
  </ItemGroup>
  <ItemGroup>
    <ClInclude Include="F:\pc\InterferometryApp\include\Core\Tracing\EllipseBoundary.h">
      <Filter>Header Files</Filter>
    </ClInclude>
    <ClInclude Include="F:\pc\InterferometryApp\include\Core\Tracing\FringeTracer.h">
      <Filter>Header Files</Filter>
    </ClInclude>
    <ClInclude Include="F:\pc\InterferometryApp\include\Core\Tracing\ImageLoader.h">
      <Filter>Header Files</Filter>
    </ClInclude>
    <ClInclude Include="F:\pc\InterferometryApp\include\Core\Tracing\PolynomialApproximator.h">
      <Filter>Header Files</Filter>
    </ClInclude>
    <ClInclude Include="F:\pc\InterferometryApp\include\Core\Common\TracingTypes.h">
      <Filter>Header Files</Filter>
    </ClInclude>
    <ClInclude Include="F:\pc\InterferometryApp\include\Common\Types.h">
      <Filter>Header Files</Filter>
    </ClInclude>
  </ItemGroup>
  <ItemGroup>
    <CustomBuild Include="F:\pc\InterferometryApp\tests\PipelineTest\CMakeLists.txt" />
  </ItemGroup>
  <ItemGroup>
    <Filter Include="Header Files">
      <UniqueIdentifier>{24C4C22E-69CC-314E-B706-5DD3339E1C7C}</UniqueIdentifier>
    </Filter>
    <Filter Include="Source Files">
      <UniqueIdentifier>{67DB87CF-2DAA-39AE-97DA-07E0B7D21928}</UniqueIdentifier>
    </Filter>
  </ItemGroup>
</Project>
